
Microsoft Visual Studio Solution File, Format Version 12.00
# Visual Studio Version 16
VisualStudioVersion = 16.0.31911.196
MinimumVisualStudioVersion = 10.0.40219.1
Project("{FAE04EC0-301F-11D3-BF4B-00C04F79EFBC}") = "FillerConsole2", "FillerConsole2\FillerConsole2.csproj", "{F6388754-D720-4354-ACC5-ED1B1162BDDE}"
EndProject
Global
	GlobalSection(SolutionConfigurationPlatforms) = preSolution
		Debug|Any CPU = Debug|Any CPU
		Release|Any CPU = Release|Any CPU
	EndGlobalSection
	GlobalSection(ProjectConfigurationPlatforms) = postSolution
		{F6388754-D720-4354-ACC5-ED1B1162BDDE}.Debug|Any CPU.ActiveCfg = Debug|Any CPU
		{F6388754-D720-4354-ACC5-ED1B1162BDDE}.Debug|Any CPU.Build.0 = Debug|Any CPU
		{F6388754-D720-4354-ACC5-ED1B1162BDDE}.Release|Any CPU.ActiveCfg = Release|Any CPU
		{F6388754-D720-4354-ACC5-ED1B1162BDDE}.Release|Any CPU.Build.0 = Release|Any CPU
	EndGlobalSection
	GlobalSection(SolutionProperties) = preSolution
		HideSolutionNode = FALSE
	EndGlobalSection
	GlobalSection(ExtensibilityGlobals) = postSolution
		SolutionGuid = {8701BD9A-9051-4580-A368-0B74DEC3DB9A}
	EndGlobalSection
EndGlobal
