
Microsoft Visual Studio Solution File, Format Version 12.00
# Visual Studio Version 16
VisualStudioVersion = 16.0.31911.196
MinimumVisualStudioVersion = 10.0.40219.1
Project("{FAE04EC0-301F-11D3-BF4B-00C04F79EFBC}") = "FillerConsole2", "FillerConsole2\FillerConsole2.csproj", "{F6388754-D720-4354-ACC5-ED1B1162BDDE}"
EndProject
Project("{2150E333-8FDC-42A3-9474-1A3956D46DE8}") = "Solution Items", "Solution Items", "{885FEF9E-349A-472C-B521-9768C191A4FF}"
	ProjectSection(SolutionItems) = preProject
		.gitignore = .gitignore
	EndProjectSection
EndProject
Project("{FAE04EC0-301F-11D3-BF4B-00C04F79EFBC}") = "MVCDemo", "MVCDemo\MVCDemo.csproj", "{0F18A31A-E7AE-4456-A8D8-C4F8A73BE8CA}"
EndProject
Project("{FAE04EC0-301F-11D3-BF4B-00C04F79EFBC}") = "MVCDemo1", "MVCDemo1\MVCDemo1.csproj", "{F09ED57A-B498-4306-8B56-36271C12F44E}"
EndProject
Project("{FAE04EC0-301F-11D3-BF4B-00C04F79EFBC}") = "MVCDemo2", "MVCDemo2\MVCDemo2.csproj", "{E39C2D62-2351-4168-BA65-436940B4ECD2}"
EndProject
Project("{FAE04EC0-301F-11D3-BF4B-00C04F79EFBC}") = "MockAssess5a", "MockAssess5a\MockAssess5a.csproj", "{3773E5CD-4BCA-4614-B85F-75CF872025C2}"
EndProject
Project("{FAE04EC0-301F-11D3-BF4B-00C04F79EFBC}") = "Conditional", "Conditional\Conditional.csproj", "{AA5A370F-E5C8-4FBB-9A21-7A679685565C}"
EndProject
Project("{FAE04EC0-301F-11D3-BF4B-00C04F79EFBC}") = "MockAssess5b", "MockAssess5b\MockAssess5b.csproj", "{529D8286-55AE-4ED1-B3BC-FFEE361C8211}"
EndProject
Project("{FAE04EC0-301F-11D3-BF4B-00C04F79EFBC}") = "APIConsole", "APIConsole\APIConsole.csproj", "{21FD3BDE-4829-488A-B8C6-5DA7C8E458A2}"
EndProject
Project("{FAE04EC0-301F-11D3-BF4B-00C04F79EFBC}") = "APIConsole2", "APIConsole2\APIConsole2.csproj", "{E4FA137E-C005-435D-9ACB-CCFAE5726E3D}"
EndProject
Project("{FAE04EC0-301F-11D3-BF4B-00C04F79EFBC}") = "ApiMvc1", "ApiMvc1\ApiMvc1.csproj", "{A33AC4EE-2611-459C-A86B-C92F102CD048}"
EndProject
Project("{FAE04EC0-301F-11D3-BF4B-00C04F79EFBC}") = "DeckOfCards", "DeckOfCards\DeckOfCards.csproj", "{CE0E9A1F-5127-46CD-A18B-5A20098293C0}"
EndProject
Project("{FAE04EC0-301F-11D3-BF4B-00C04F79EFBC}") = "TempProject", "TempProject\TempProject.csproj", "{80CFE858-9161-40EB-AD7A-449CD1206581}"
EndProject
Project("{FAE04EC0-301F-11D3-BF4B-00C04F79EFBC}") = "TheDogDemo", "TheDogDemo\TheDogDemo.csproj", "{E7F1A43A-B872-48EE-91CD-32C20F58AF5D}"
EndProject
Global
	GlobalSection(SolutionConfigurationPlatforms) = preSolution
		Debug|Any CPU = Debug|Any CPU
		Release|Any CPU = Release|Any CPU
	EndGlobalSection
	GlobalSection(ProjectConfigurationPlatforms) = postSolution
		{F6388754-D720-4354-ACC5-ED1B1162BDDE}.Debug|Any CPU.ActiveCfg = Debug|Any CPU
		{F6388754-D720-4354-ACC5-ED1B1162BDDE}.Debug|Any CPU.Build.0 = Debug|Any CPU
		{F6388754-D720-4354-ACC5-ED1B1162BDDE}.Release|Any CPU.ActiveCfg = Release|Any CPU
		{F6388754-D720-4354-ACC5-ED1B1162BDDE}.Release|Any CPU.Build.0 = Release|Any CPU
		{0F18A31A-E7AE-4456-A8D8-C4F8A73BE8CA}.Debug|Any CPU.ActiveCfg = Debug|Any CPU
		{0F18A31A-E7AE-4456-A8D8-C4F8A73BE8CA}.Debug|Any CPU.Build.0 = Debug|Any CPU
		{0F18A31A-E7AE-4456-A8D8-C4F8A73BE8CA}.Release|Any CPU.ActiveCfg = Release|Any CPU
		{0F18A31A-E7AE-4456-A8D8-C4F8A73BE8CA}.Release|Any CPU.Build.0 = Release|Any CPU
		{F09ED57A-B498-4306-8B56-36271C12F44E}.Debug|Any CPU.ActiveCfg = Debug|Any CPU
		{F09ED57A-B498-4306-8B56-36271C12F44E}.Debug|Any CPU.Build.0 = Debug|Any CPU
		{F09ED57A-B498-4306-8B56-36271C12F44E}.Release|Any CPU.ActiveCfg = Release|Any CPU
		{F09ED57A-B498-4306-8B56-36271C12F44E}.Release|Any CPU.Build.0 = Release|Any CPU
		{E39C2D62-2351-4168-BA65-436940B4ECD2}.Debug|Any CPU.ActiveCfg = Debug|Any CPU
		{E39C2D62-2351-4168-BA65-436940B4ECD2}.Debug|Any CPU.Build.0 = Debug|Any CPU
		{E39C2D62-2351-4168-BA65-436940B4ECD2}.Release|Any CPU.ActiveCfg = Release|Any CPU
		{E39C2D62-2351-4168-BA65-436940B4ECD2}.Release|Any CPU.Build.0 = Release|Any CPU
		{3773E5CD-4BCA-4614-B85F-75CF872025C2}.Debug|Any CPU.ActiveCfg = Debug|Any CPU
		{3773E5CD-4BCA-4614-B85F-75CF872025C2}.Debug|Any CPU.Build.0 = Debug|Any CPU
		{3773E5CD-4BCA-4614-B85F-75CF872025C2}.Release|Any CPU.ActiveCfg = Release|Any CPU
		{3773E5CD-4BCA-4614-B85F-75CF872025C2}.Release|Any CPU.Build.0 = Release|Any CPU
		{AA5A370F-E5C8-4FBB-9A21-7A679685565C}.Debug|Any CPU.ActiveCfg = Debug|Any CPU
		{AA5A370F-E5C8-4FBB-9A21-7A679685565C}.Debug|Any CPU.Build.0 = Debug|Any CPU
		{AA5A370F-E5C8-4FBB-9A21-7A679685565C}.Release|Any CPU.ActiveCfg = Release|Any CPU
		{AA5A370F-E5C8-4FBB-9A21-7A679685565C}.Release|Any CPU.Build.0 = Release|Any CPU
		{529D8286-55AE-4ED1-B3BC-FFEE361C8211}.Debug|Any CPU.ActiveCfg = Debug|Any CPU
		{529D8286-55AE-4ED1-B3BC-FFEE361C8211}.Debug|Any CPU.Build.0 = Debug|Any CPU
		{529D8286-55AE-4ED1-B3BC-FFEE361C8211}.Release|Any CPU.ActiveCfg = Release|Any CPU
		{529D8286-55AE-4ED1-B3BC-FFEE361C8211}.Release|Any CPU.Build.0 = Release|Any CPU
		{21FD3BDE-4829-488A-B8C6-5DA7C8E458A2}.Debug|Any CPU.ActiveCfg = Debug|Any CPU
		{21FD3BDE-4829-488A-B8C6-5DA7C8E458A2}.Debug|Any CPU.Build.0 = Debug|Any CPU
		{21FD3BDE-4829-488A-B8C6-5DA7C8E458A2}.Release|Any CPU.ActiveCfg = Release|Any CPU
		{21FD3BDE-4829-488A-B8C6-5DA7C8E458A2}.Release|Any CPU.Build.0 = Release|Any CPU
		{E4FA137E-C005-435D-9ACB-CCFAE5726E3D}.Debug|Any CPU.ActiveCfg = Debug|Any CPU
		{E4FA137E-C005-435D-9ACB-CCFAE5726E3D}.Debug|Any CPU.Build.0 = Debug|Any CPU
		{E4FA137E-C005-435D-9ACB-CCFAE5726E3D}.Release|Any CPU.ActiveCfg = Release|Any CPU
		{E4FA137E-C005-435D-9ACB-CCFAE5726E3D}.Release|Any CPU.Build.0 = Release|Any CPU
		{A33AC4EE-2611-459C-A86B-C92F102CD048}.Debug|Any CPU.ActiveCfg = Debug|Any CPU
		{A33AC4EE-2611-459C-A86B-C92F102CD048}.Debug|Any CPU.Build.0 = Debug|Any CPU
		{A33AC4EE-2611-459C-A86B-C92F102CD048}.Release|Any CPU.ActiveCfg = Release|Any CPU
		{A33AC4EE-2611-459C-A86B-C92F102CD048}.Release|Any CPU.Build.0 = Release|Any CPU
		{CE0E9A1F-5127-46CD-A18B-5A20098293C0}.Debug|Any CPU.ActiveCfg = Debug|Any CPU
		{CE0E9A1F-5127-46CD-A18B-5A20098293C0}.Debug|Any CPU.Build.0 = Debug|Any CPU
		{CE0E9A1F-5127-46CD-A18B-5A20098293C0}.Release|Any CPU.ActiveCfg = Release|Any CPU
		{CE0E9A1F-5127-46CD-A18B-5A20098293C0}.Release|Any CPU.Build.0 = Release|Any CPU
		{80CFE858-9161-40EB-AD7A-449CD1206581}.Debug|Any CPU.ActiveCfg = Debug|Any CPU
		{80CFE858-9161-40EB-AD7A-449CD1206581}.Debug|Any CPU.Build.0 = Debug|Any CPU
		{80CFE858-9161-40EB-AD7A-449CD1206581}.Release|Any CPU.ActiveCfg = Release|Any CPU
		{80CFE858-9161-40EB-AD7A-449CD1206581}.Release|Any CPU.Build.0 = Release|Any CPU
		{E7F1A43A-B872-48EE-91CD-32C20F58AF5D}.Debug|Any CPU.ActiveCfg = Debug|Any CPU
		{E7F1A43A-B872-48EE-91CD-32C20F58AF5D}.Debug|Any CPU.Build.0 = Debug|Any CPU
		{E7F1A43A-B872-48EE-91CD-32C20F58AF5D}.Release|Any CPU.ActiveCfg = Release|Any CPU
		{E7F1A43A-B872-48EE-91CD-32C20F58AF5D}.Release|Any CPU.Build.0 = Release|Any CPU
	EndGlobalSection
	GlobalSection(SolutionProperties) = preSolution
		HideSolutionNode = FALSE
	EndGlobalSection
	GlobalSection(ExtensibilityGlobals) = postSolution
		SolutionGuid = {8701BD9A-9051-4580-A368-0B74DEC3DB9A}
	EndGlobalSection
EndGlobal
